
Microsoft Visual Studio Solution File, Format Version 12.00
# Visual Studio Version 17
VisualStudioVersion = 17.7.34031.279
MinimumVisualStudioVersion = 10.0.40219.1
Project("{FAE04EC0-301F-11D3-BF4B-00C04F79EFBC}") = "COMP3602Assign01", "COMP3602Assign01\COMP3602Assign01.csproj", "{920559CF-0690-43BD-B2F5-EFC560189CEB}"
EndProject
Global
	GlobalSection(SolutionConfigurationPlatforms) = preSolution
		Debug|Any CPU = Debug|Any CPU
		Release|Any CPU = Release|Any CPU
	EndGlobalSection
	GlobalSection(ProjectConfigurationPlatforms) = postSolution
		{920559CF-0690-43BD-B2F5-EFC560189CEB}.Debug|Any CPU.ActiveCfg = Debug|Any CPU
		{920559CF-0690-43BD-B2F5-EFC560189CEB}.Debug|Any CPU.Build.0 = Debug|Any CPU
		{920559CF-0690-43BD-B2F5-EFC560189CEB}.Release|Any CPU.ActiveCfg = Release|Any CPU
		{920559CF-0690-43BD-B2F5-EFC560189CEB}.Release|Any CPU.Build.0 = Release|Any CPU
	EndGlobalSection
	GlobalSection(SolutionProperties) = preSolution
		HideSolutionNode = FALSE
	EndGlobalSection
	GlobalSection(ExtensibilityGlobals) = postSolution
		SolutionGuid = {A2A3A856-E926-4FD5-886A-962C8962197F}
	EndGlobalSection
EndGlobal
